
Microsoft Visual Studio Solution File, Format Version 12.00
# Visual Studio 14
VisualStudioVersion = 14.0.25420.1
MinimumVisualStudioVersion = 10.0.40219.1
Project("{FAE04EC0-301F-11D3-BF4B-00C04F79EFBC}") = "Library", "Library\Library.csproj", "{E6C8F36A-FCAE-4EE1-9CD9-781827658F92}"
EndProject
Project("{FAE04EC0-301F-11D3-BF4B-00C04F79EFBC}") = "LibraryTests", "LibraryTests\LibraryTests.csproj", "{E04E3009-8000-45BC-9EA5-721E7122E648}"
EndProject
Project("{FAE04EC0-301F-11D3-BF4B-00C04F79EFBC}") = "LibraryCore", "LibraryCore\LibraryCore.csproj", "{5554817B-BACA-4DF3-AFBB-2CF739D405E8}"
EndProject
Project("{FAE04EC0-301F-11D3-BF4B-00C04F79EFBC}") = "LibraryCoreTests", "LibraryCoreTests\LibraryCoreTests.csproj", "{3380C81B-5DC7-4829-81C8-41CA1CD0BF1C}"
EndProject
Global
	GlobalSection(SolutionConfigurationPlatforms) = preSolution
		Debug|Any CPU = Debug|Any CPU
		Release|Any CPU = Release|Any CPU
	EndGlobalSection
	GlobalSection(ProjectConfigurationPlatforms) = postSolution
		{E6C8F36A-FCAE-4EE1-9CD9-781827658F92}.Debug|Any CPU.ActiveCfg = Debug|Any CPU
		{E6C8F36A-FCAE-4EE1-9CD9-781827658F92}.Debug|Any CPU.Build.0 = Debug|Any CPU
		{E6C8F36A-FCAE-4EE1-9CD9-781827658F92}.Release|Any CPU.ActiveCfg = Release|Any CPU
		{E6C8F36A-FCAE-4EE1-9CD9-781827658F92}.Release|Any CPU.Build.0 = Release|Any CPU
		{E04E3009-8000-45BC-9EA5-721E7122E648}.Debug|Any CPU.ActiveCfg = Debug|Any CPU
		{E04E3009-8000-45BC-9EA5-721E7122E648}.Debug|Any CPU.Build.0 = Debug|Any CPU
		{E04E3009-8000-45BC-9EA5-721E7122E648}.Release|Any CPU.ActiveCfg = Release|Any CPU
		{E04E3009-8000-45BC-9EA5-721E7122E648}.Release|Any CPU.Build.0 = Release|Any CPU
		{5554817B-BACA-4DF3-AFBB-2CF739D405E8}.Debug|Any CPU.ActiveCfg = Debug|Any CPU
		{5554817B-BACA-4DF3-AFBB-2CF739D405E8}.Debug|Any CPU.Build.0 = Debug|Any CPU
		{5554817B-BACA-4DF3-AFBB-2CF739D405E8}.Release|Any CPU.ActiveCfg = Release|Any CPU
		{5554817B-BACA-4DF3-AFBB-2CF739D405E8}.Release|Any CPU.Build.0 = Release|Any CPU
		{3380C81B-5DC7-4829-81C8-41CA1CD0BF1C}.Debug|Any CPU.ActiveCfg = Debug|Any CPU
		{3380C81B-5DC7-4829-81C8-41CA1CD0BF1C}.Debug|Any CPU.Build.0 = Debug|Any CPU
		{3380C81B-5DC7-4829-81C8-41CA1CD0BF1C}.Release|Any CPU.ActiveCfg = Release|Any CPU
		{3380C81B-5DC7-4829-81C8-41CA1CD0BF1C}.Release|Any CPU.Build.0 = Release|Any CPU
	EndGlobalSection
	GlobalSection(SolutionProperties) = preSolution
		HideSolutionNode = FALSE
	EndGlobalSection
EndGlobal
